
Microsoft Visual Studio Solution File, Format Version 12.00
# Visual Studio Version 16
VisualStudioVersion = 16.0.29806.167
MinimumVisualStudioVersion = 10.0.40219.1
Project("{FAE04EC0-301F-11D3-BF4B-00C04F79EFBC}") = "MicrosoftLearning_UWP_01", "MicrosoftLearning_UWP_01\MicrosoftLearning_UWP_01.csproj", "{FD561D24-2AF7-489D-8FFD-06718C1E3281}"
EndProject
Project("{FAE04EC0-301F-11D3-BF4B-00C04F79EFBC}") = "MicrosoftLearning_UWP_02", "MicrosoftLearning_UWP_02\MicrosoftLearning_UWP_02.csproj", "{7EF2DB9B-C3B5-42F2-888F-69731374EB7A}"
EndProject
Project("{FAE04EC0-301F-11D3-BF4B-00C04F79EFBC}") = "MicrosoftLearning_UWP_03", "MicrosoftLearning_UWP_03\MicrosoftLearning_UWP_03.csproj", "{FFB9C6BB-4E64-47A5-8DD6-8DABA813EF05}"
EndProject
Project("{FAE04EC0-301F-11D3-BF4B-00C04F79EFBC}") = "MicrosoftLearning_UWP_SayHello", "MicrosoftLearning_UWP_SayHello\MicrosoftLearning_UWP_SayHello.csproj", "{B1E66B47-9386-4E20-83ED-545CD0C6B323}"
EndProject
Project("{FAE04EC0-301F-11D3-BF4B-00C04F79EFBC}") = "MicrosoftLearning_TemplateStudio_Weather", "MicrosoftLearning_TemplateStudio_Weather\MicrosoftLearning_TemplateStudio_Weather.csproj", "{AE511B1F-F9FA-41E1-84F1-8B701C28F6BC}"
EndProject
Project("{9A19103F-16F7-4668-BE54-9A1E7A4F7556}") = "MicrosoftLearning_TemplateStudio_Weather.Core", "MicrosoftLearning_TemplateStudio_Weather.Core\MicrosoftLearning_TemplateStudio_Weather.Core.csproj", "{CAC91F5F-332E-4CFA-A240-C2D15CE9B876}"
EndProject
Project("{FAE04EC0-301F-11D3-BF4B-00C04F79EFBC}") = "MicrosoftLearning_UWP_ShowMeAPicture", "MicrosoftLearning_UWP_ShowMeAPicture\MicrosoftLearning_UWP_ShowMeAPicture.csproj", "{0F617ABA-7CBE-4D7F-9EBB-8B8665223316}"
EndProject
Project("{FAE04EC0-301F-11D3-BF4B-00C04F79EFBC}") = "MicrosoftLearning_UWP_APOD_Nasa", "MicrosoftLearning_UWP_APOD_Nasa\MicrosoftLearning_UWP_APOD_Nasa.csproj", "{12B0E829-A82D-4C89-AC45-18891CE48D5B}"
EndProject
Global
	GlobalSection(SolutionConfigurationPlatforms) = preSolution
		Debug|Any CPU = Debug|Any CPU
		Debug|ARM = Debug|ARM
		Debug|ARM64 = Debug|ARM64
		Debug|x64 = Debug|x64
		Debug|x86 = Debug|x86
		Release|Any CPU = Release|Any CPU
		Release|ARM = Release|ARM
		Release|ARM64 = Release|ARM64
		Release|x64 = Release|x64
		Release|x86 = Release|x86
	EndGlobalSection
	GlobalSection(ProjectConfigurationPlatforms) = postSolution
		{FD561D24-2AF7-489D-8FFD-06718C1E3281}.Debug|Any CPU.ActiveCfg = Debug|x86
		{FD561D24-2AF7-489D-8FFD-06718C1E3281}.Debug|ARM.ActiveCfg = Debug|ARM
		{FD561D24-2AF7-489D-8FFD-06718C1E3281}.Debug|ARM.Build.0 = Debug|ARM
		{FD561D24-2AF7-489D-8FFD-06718C1E3281}.Debug|ARM.Deploy.0 = Debug|ARM
		{FD561D24-2AF7-489D-8FFD-06718C1E3281}.Debug|ARM64.ActiveCfg = Debug|ARM64
		{FD561D24-2AF7-489D-8FFD-06718C1E3281}.Debug|ARM64.Build.0 = Debug|ARM64
		{FD561D24-2AF7-489D-8FFD-06718C1E3281}.Debug|ARM64.Deploy.0 = Debug|ARM64
		{FD561D24-2AF7-489D-8FFD-06718C1E3281}.Debug|x64.ActiveCfg = Debug|x64
		{FD561D24-2AF7-489D-8FFD-06718C1E3281}.Debug|x64.Build.0 = Debug|x64
		{FD561D24-2AF7-489D-8FFD-06718C1E3281}.Debug|x64.Deploy.0 = Debug|x64
		{FD561D24-2AF7-489D-8FFD-06718C1E3281}.Debug|x86.ActiveCfg = Debug|x86
		{FD561D24-2AF7-489D-8FFD-06718C1E3281}.Debug|x86.Build.0 = Debug|x86
		{FD561D24-2AF7-489D-8FFD-06718C1E3281}.Debug|x86.Deploy.0 = Debug|x86
		{FD561D24-2AF7-489D-8FFD-06718C1E3281}.Release|Any CPU.ActiveCfg = Release|x86
		{FD561D24-2AF7-489D-8FFD-06718C1E3281}.Release|ARM.ActiveCfg = Release|ARM
		{FD561D24-2AF7-489D-8FFD-06718C1E3281}.Release|ARM.Build.0 = Release|ARM
		{FD561D24-2AF7-489D-8FFD-06718C1E3281}.Release|ARM.Deploy.0 = Release|ARM
		{FD561D24-2AF7-489D-8FFD-06718C1E3281}.Release|ARM64.ActiveCfg = Release|ARM64
		{FD561D24-2AF7-489D-8FFD-06718C1E3281}.Release|ARM64.Build.0 = Release|ARM64
		{FD561D24-2AF7-489D-8FFD-06718C1E3281}.Release|ARM64.Deploy.0 = Release|ARM64
		{FD561D24-2AF7-489D-8FFD-06718C1E3281}.Release|x64.ActiveCfg = Release|x64
		{FD561D24-2AF7-489D-8FFD-06718C1E3281}.Release|x64.Build.0 = Release|x64
		{FD561D24-2AF7-489D-8FFD-06718C1E3281}.Release|x64.Deploy.0 = Release|x64
		{FD561D24-2AF7-489D-8FFD-06718C1E3281}.Release|x86.ActiveCfg = Release|x86
		{FD561D24-2AF7-489D-8FFD-06718C1E3281}.Release|x86.Build.0 = Release|x86
		{FD561D24-2AF7-489D-8FFD-06718C1E3281}.Release|x86.Deploy.0 = Release|x86
		{7EF2DB9B-C3B5-42F2-888F-69731374EB7A}.Debug|Any CPU.ActiveCfg = Debug|x86
		{7EF2DB9B-C3B5-42F2-888F-69731374EB7A}.Debug|ARM.ActiveCfg = Debug|ARM
		{7EF2DB9B-C3B5-42F2-888F-69731374EB7A}.Debug|ARM.Build.0 = Debug|ARM
		{7EF2DB9B-C3B5-42F2-888F-69731374EB7A}.Debug|ARM.Deploy.0 = Debug|ARM
		{7EF2DB9B-C3B5-42F2-888F-69731374EB7A}.Debug|ARM64.ActiveCfg = Debug|ARM64
		{7EF2DB9B-C3B5-42F2-888F-69731374EB7A}.Debug|ARM64.Build.0 = Debug|ARM64
		{7EF2DB9B-C3B5-42F2-888F-69731374EB7A}.Debug|ARM64.Deploy.0 = Debug|ARM64
		{7EF2DB9B-C3B5-42F2-888F-69731374EB7A}.Debug|x64.ActiveCfg = Debug|x64
		{7EF2DB9B-C3B5-42F2-888F-69731374EB7A}.Debug|x64.Build.0 = Debug|x64
		{7EF2DB9B-C3B5-42F2-888F-69731374EB7A}.Debug|x64.Deploy.0 = Debug|x64
		{7EF2DB9B-C3B5-42F2-888F-69731374EB7A}.Debug|x86.ActiveCfg = Debug|x86
		{7EF2DB9B-C3B5-42F2-888F-69731374EB7A}.Debug|x86.Build.0 = Debug|x86
		{7EF2DB9B-C3B5-42F2-888F-69731374EB7A}.Debug|x86.Deploy.0 = Debug|x86
		{7EF2DB9B-C3B5-42F2-888F-69731374EB7A}.Release|Any CPU.ActiveCfg = Release|x86
		{7EF2DB9B-C3B5-42F2-888F-69731374EB7A}.Release|ARM.ActiveCfg = Release|ARM
		{7EF2DB9B-C3B5-42F2-888F-69731374EB7A}.Release|ARM.Build.0 = Release|ARM
		{7EF2DB9B-C3B5-42F2-888F-69731374EB7A}.Release|ARM.Deploy.0 = Release|ARM
		{7EF2DB9B-C3B5-42F2-888F-69731374EB7A}.Release|ARM64.ActiveCfg = Release|ARM64
		{7EF2DB9B-C3B5-42F2-888F-69731374EB7A}.Release|ARM64.Build.0 = Release|ARM64
		{7EF2DB9B-C3B5-42F2-888F-69731374EB7A}.Release|ARM64.Deploy.0 = Release|ARM64
		{7EF2DB9B-C3B5-42F2-888F-69731374EB7A}.Release|x64.ActiveCfg = Release|x64
		{7EF2DB9B-C3B5-42F2-888F-69731374EB7A}.Release|x64.Build.0 = Release|x64
		{7EF2DB9B-C3B5-42F2-888F-69731374EB7A}.Release|x64.Deploy.0 = Release|x64
		{7EF2DB9B-C3B5-42F2-888F-69731374EB7A}.Release|x86.ActiveCfg = Release|x86
		{7EF2DB9B-C3B5-42F2-888F-69731374EB7A}.Release|x86.Build.0 = Release|x86
		{7EF2DB9B-C3B5-42F2-888F-69731374EB7A}.Release|x86.Deploy.0 = Release|x86
		{FFB9C6BB-4E64-47A5-8DD6-8DABA813EF05}.Debug|Any CPU.ActiveCfg = Debug|x86
		{FFB9C6BB-4E64-47A5-8DD6-8DABA813EF05}.Debug|ARM.ActiveCfg = Debug|ARM
		{FFB9C6BB-4E64-47A5-8DD6-8DABA813EF05}.Debug|ARM.Build.0 = Debug|ARM
		{FFB9C6BB-4E64-47A5-8DD6-8DABA813EF05}.Debug|ARM.Deploy.0 = Debug|ARM
		{FFB9C6BB-4E64-47A5-8DD6-8DABA813EF05}.Debug|ARM64.ActiveCfg = Debug|ARM64
		{FFB9C6BB-4E64-47A5-8DD6-8DABA813EF05}.Debug|ARM64.Build.0 = Debug|ARM64
		{FFB9C6BB-4E64-47A5-8DD6-8DABA813EF05}.Debug|ARM64.Deploy.0 = Debug|ARM64
		{FFB9C6BB-4E64-47A5-8DD6-8DABA813EF05}.Debug|x64.ActiveCfg = Debug|x64
		{FFB9C6BB-4E64-47A5-8DD6-8DABA813EF05}.Debug|x64.Build.0 = Debug|x64
		{FFB9C6BB-4E64-47A5-8DD6-8DABA813EF05}.Debug|x64.Deploy.0 = Debug|x64
		{FFB9C6BB-4E64-47A5-8DD6-8DABA813EF05}.Debug|x86.ActiveCfg = Debug|x86
		{FFB9C6BB-4E64-47A5-8DD6-8DABA813EF05}.Debug|x86.Build.0 = Debug|x86
		{FFB9C6BB-4E64-47A5-8DD6-8DABA813EF05}.Debug|x86.Deploy.0 = Debug|x86
		{FFB9C6BB-4E64-47A5-8DD6-8DABA813EF05}.Release|Any CPU.ActiveCfg = Release|x86
		{FFB9C6BB-4E64-47A5-8DD6-8DABA813EF05}.Release|ARM.ActiveCfg = Release|ARM
		{FFB9C6BB-4E64-47A5-8DD6-8DABA813EF05}.Release|ARM.Build.0 = Release|ARM
		{FFB9C6BB-4E64-47A5-8DD6-8DABA813EF05}.Release|ARM.Deploy.0 = Release|ARM
		{FFB9C6BB-4E64-47A5-8DD6-8DABA813EF05}.Release|ARM64.ActiveCfg = Release|ARM64
		{FFB9C6BB-4E64-47A5-8DD6-8DABA813EF05}.Release|ARM64.Build.0 = Release|ARM64
		{FFB9C6BB-4E64-47A5-8DD6-8DABA813EF05}.Release|ARM64.Deploy.0 = Release|ARM64
		{FFB9C6BB-4E64-47A5-8DD6-8DABA813EF05}.Release|x64.ActiveCfg = Release|x64
		{FFB9C6BB-4E64-47A5-8DD6-8DABA813EF05}.Release|x64.Build.0 = Release|x64
		{FFB9C6BB-4E64-47A5-8DD6-8DABA813EF05}.Release|x64.Deploy.0 = Release|x64
		{FFB9C6BB-4E64-47A5-8DD6-8DABA813EF05}.Release|x86.ActiveCfg = Release|x86
		{FFB9C6BB-4E64-47A5-8DD6-8DABA813EF05}.Release|x86.Build.0 = Release|x86
		{FFB9C6BB-4E64-47A5-8DD6-8DABA813EF05}.Release|x86.Deploy.0 = Release|x86
		{B1E66B47-9386-4E20-83ED-545CD0C6B323}.Debug|Any CPU.ActiveCfg = Debug|x86
		{B1E66B47-9386-4E20-83ED-545CD0C6B323}.Debug|ARM.ActiveCfg = Debug|ARM
		{B1E66B47-9386-4E20-83ED-545CD0C6B323}.Debug|ARM.Build.0 = Debug|ARM
		{B1E66B47-9386-4E20-83ED-545CD0C6B323}.Debug|ARM.Deploy.0 = Debug|ARM
		{B1E66B47-9386-4E20-83ED-545CD0C6B323}.Debug|ARM64.ActiveCfg = Debug|ARM64
		{B1E66B47-9386-4E20-83ED-545CD0C6B323}.Debug|ARM64.Build.0 = Debug|ARM64
		{B1E66B47-9386-4E20-83ED-545CD0C6B323}.Debug|ARM64.Deploy.0 = Debug|ARM64
		{B1E66B47-9386-4E20-83ED-545CD0C6B323}.Debug|x64.ActiveCfg = Debug|x64
		{B1E66B47-9386-4E20-83ED-545CD0C6B323}.Debug|x64.Build.0 = Debug|x64
		{B1E66B47-9386-4E20-83ED-545CD0C6B323}.Debug|x64.Deploy.0 = Debug|x64
		{B1E66B47-9386-4E20-83ED-545CD0C6B323}.Debug|x86.ActiveCfg = Debug|x86
		{B1E66B47-9386-4E20-83ED-545CD0C6B323}.Debug|x86.Build.0 = Debug|x86
		{B1E66B47-9386-4E20-83ED-545CD0C6B323}.Debug|x86.Deploy.0 = Debug|x86
		{B1E66B47-9386-4E20-83ED-545CD0C6B323}.Release|Any CPU.ActiveCfg = Release|x86
		{B1E66B47-9386-4E20-83ED-545CD0C6B323}.Release|ARM.ActiveCfg = Release|ARM
		{B1E66B47-9386-4E20-83ED-545CD0C6B323}.Release|ARM.Build.0 = Release|ARM
		{B1E66B47-9386-4E20-83ED-545CD0C6B323}.Release|ARM.Deploy.0 = Release|ARM
		{B1E66B47-9386-4E20-83ED-545CD0C6B323}.Release|ARM64.ActiveCfg = Release|ARM64
		{B1E66B47-9386-4E20-83ED-545CD0C6B323}.Release|ARM64.Build.0 = Release|ARM64
		{B1E66B47-9386-4E20-83ED-545CD0C6B323}.Release|ARM64.Deploy.0 = Release|ARM64
		{B1E66B47-9386-4E20-83ED-545CD0C6B323}.Release|x64.ActiveCfg = Release|x64
		{B1E66B47-9386-4E20-83ED-545CD0C6B323}.Release|x64.Build.0 = Release|x64
		{B1E66B47-9386-4E20-83ED-545CD0C6B323}.Release|x64.Deploy.0 = Release|x64
		{B1E66B47-9386-4E20-83ED-545CD0C6B323}.Release|x86.ActiveCfg = Release|x86
		{B1E66B47-9386-4E20-83ED-545CD0C6B323}.Release|x86.Build.0 = Release|x86
		{B1E66B47-9386-4E20-83ED-545CD0C6B323}.Release|x86.Deploy.0 = Release|x86
		{AE511B1F-F9FA-41E1-84F1-8B701C28F6BC}.Debug|Any CPU.ActiveCfg = Debug|x86
		{AE511B1F-F9FA-41E1-84F1-8B701C28F6BC}.Debug|ARM.ActiveCfg = Debug|ARM
		{AE511B1F-F9FA-41E1-84F1-8B701C28F6BC}.Debug|ARM.Build.0 = Debug|ARM
		{AE511B1F-F9FA-41E1-84F1-8B701C28F6BC}.Debug|ARM.Deploy.0 = Debug|ARM
		{AE511B1F-F9FA-41E1-84F1-8B701C28F6BC}.Debug|ARM64.ActiveCfg = Debug|ARM64
		{AE511B1F-F9FA-41E1-84F1-8B701C28F6BC}.Debug|ARM64.Build.0 = Debug|ARM64
		{AE511B1F-F9FA-41E1-84F1-8B701C28F6BC}.Debug|ARM64.Deploy.0 = Debug|ARM64
		{AE511B1F-F9FA-41E1-84F1-8B701C28F6BC}.Debug|x64.ActiveCfg = Debug|x64
		{AE511B1F-F9FA-41E1-84F1-8B701C28F6BC}.Debug|x64.Build.0 = Debug|x64
		{AE511B1F-F9FA-41E1-84F1-8B701C28F6BC}.Debug|x64.Deploy.0 = Debug|x64
		{AE511B1F-F9FA-41E1-84F1-8B701C28F6BC}.Debug|x86.ActiveCfg = Debug|x86
		{AE511B1F-F9FA-41E1-84F1-8B701C28F6BC}.Debug|x86.Build.0 = Debug|x86
		{AE511B1F-F9FA-41E1-84F1-8B701C28F6BC}.Debug|x86.Deploy.0 = Debug|x86
		{AE511B1F-F9FA-41E1-84F1-8B701C28F6BC}.Release|Any CPU.ActiveCfg = Release|x86
		{AE511B1F-F9FA-41E1-84F1-8B701C28F6BC}.Release|ARM.ActiveCfg = Release|ARM
		{AE511B1F-F9FA-41E1-84F1-8B701C28F6BC}.Release|ARM.Build.0 = Release|ARM
		{AE511B1F-F9FA-41E1-84F1-8B701C28F6BC}.Release|ARM.Deploy.0 = Release|ARM
		{AE511B1F-F9FA-41E1-84F1-8B701C28F6BC}.Release|ARM64.ActiveCfg = Release|ARM64
		{AE511B1F-F9FA-41E1-84F1-8B701C28F6BC}.Release|ARM64.Build.0 = Release|ARM64
		{AE511B1F-F9FA-41E1-84F1-8B701C28F6BC}.Release|ARM64.Deploy.0 = Release|ARM64
		{AE511B1F-F9FA-41E1-84F1-8B701C28F6BC}.Release|x64.ActiveCfg = Release|x64
		{AE511B1F-F9FA-41E1-84F1-8B701C28F6BC}.Release|x64.Build.0 = Release|x64
		{AE511B1F-F9FA-41E1-84F1-8B701C28F6BC}.Release|x64.Deploy.0 = Release|x64
		{AE511B1F-F9FA-41E1-84F1-8B701C28F6BC}.Release|x86.ActiveCfg = Release|x86
		{AE511B1F-F9FA-41E1-84F1-8B701C28F6BC}.Release|x86.Build.0 = Release|x86
		{AE511B1F-F9FA-41E1-84F1-8B701C28F6BC}.Release|x86.Deploy.0 = Release|x86
		{CAC91F5F-332E-4CFA-A240-C2D15CE9B876}.Debug|Any CPU.ActiveCfg = Debug|Any CPU
		{CAC91F5F-332E-4CFA-A240-C2D15CE9B876}.Debug|Any CPU.Build.0 = Debug|Any CPU
		{CAC91F5F-332E-4CFA-A240-C2D15CE9B876}.Debug|ARM.ActiveCfg = Debug|Any CPU
		{CAC91F5F-332E-4CFA-A240-C2D15CE9B876}.Debug|ARM.Build.0 = Debug|Any CPU
		{CAC91F5F-332E-4CFA-A240-C2D15CE9B876}.Debug|ARM64.ActiveCfg = Debug|Any CPU
		{CAC91F5F-332E-4CFA-A240-C2D15CE9B876}.Debug|ARM64.Build.0 = Debug|Any CPU
		{CAC91F5F-332E-4CFA-A240-C2D15CE9B876}.Debug|x64.ActiveCfg = Debug|Any CPU
		{CAC91F5F-332E-4CFA-A240-C2D15CE9B876}.Debug|x64.Build.0 = Debug|Any CPU
		{CAC91F5F-332E-4CFA-A240-C2D15CE9B876}.Debug|x86.ActiveCfg = Debug|Any CPU
		{CAC91F5F-332E-4CFA-A240-C2D15CE9B876}.Debug|x86.Build.0 = Debug|Any CPU
		{CAC91F5F-332E-4CFA-A240-C2D15CE9B876}.Release|Any CPU.ActiveCfg = Release|Any CPU
		{CAC91F5F-332E-4CFA-A240-C2D15CE9B876}.Release|Any CPU.Build.0 = Release|Any CPU
		{CAC91F5F-332E-4CFA-A240-C2D15CE9B876}.Release|ARM.ActiveCfg = Release|Any CPU
		{CAC91F5F-332E-4CFA-A240-C2D15CE9B876}.Release|ARM.Build.0 = Release|Any CPU
		{CAC91F5F-332E-4CFA-A240-C2D15CE9B876}.Release|ARM64.ActiveCfg = Release|Any CPU
		{CAC91F5F-332E-4CFA-A240-C2D15CE9B876}.Release|ARM64.Build.0 = Release|Any CPU
		{CAC91F5F-332E-4CFA-A240-C2D15CE9B876}.Release|x64.ActiveCfg = Release|Any CPU
		{CAC91F5F-332E-4CFA-A240-C2D15CE9B876}.Release|x64.Build.0 = Release|Any CPU
		{CAC91F5F-332E-4CFA-A240-C2D15CE9B876}.Release|x86.ActiveCfg = Release|Any CPU
		{CAC91F5F-332E-4CFA-A240-C2D15CE9B876}.Release|x86.Build.0 = Release|Any CPU
		{0F617ABA-7CBE-4D7F-9EBB-8B8665223316}.Debug|Any CPU.ActiveCfg = Debug|x86
		{0F617ABA-7CBE-4D7F-9EBB-8B8665223316}.Debug|ARM.ActiveCfg = Debug|ARM
		{0F617ABA-7CBE-4D7F-9EBB-8B8665223316}.Debug|ARM.Build.0 = Debug|ARM
		{0F617ABA-7CBE-4D7F-9EBB-8B8665223316}.Debug|ARM.Deploy.0 = Debug|ARM
		{0F617ABA-7CBE-4D7F-9EBB-8B8665223316}.Debug|ARM64.ActiveCfg = Debug|ARM64
		{0F617ABA-7CBE-4D7F-9EBB-8B8665223316}.Debug|ARM64.Build.0 = Debug|ARM64
		{0F617ABA-7CBE-4D7F-9EBB-8B8665223316}.Debug|ARM64.Deploy.0 = Debug|ARM64
		{0F617ABA-7CBE-4D7F-9EBB-8B8665223316}.Debug|x64.ActiveCfg = Debug|x64
		{0F617ABA-7CBE-4D7F-9EBB-8B8665223316}.Debug|x64.Build.0 = Debug|x64
		{0F617ABA-7CBE-4D7F-9EBB-8B8665223316}.Debug|x64.Deploy.0 = Debug|x64
		{0F617ABA-7CBE-4D7F-9EBB-8B8665223316}.Debug|x86.ActiveCfg = Debug|x86
		{0F617ABA-7CBE-4D7F-9EBB-8B8665223316}.Debug|x86.Build.0 = Debug|x86
		{0F617ABA-7CBE-4D7F-9EBB-8B8665223316}.Debug|x86.Deploy.0 = Debug|x86
		{0F617ABA-7CBE-4D7F-9EBB-8B8665223316}.Release|Any CPU.ActiveCfg = Release|x86
		{0F617ABA-7CBE-4D7F-9EBB-8B8665223316}.Release|ARM.ActiveCfg = Release|ARM
		{0F617ABA-7CBE-4D7F-9EBB-8B8665223316}.Release|ARM.Build.0 = Release|ARM
		{0F617ABA-7CBE-4D7F-9EBB-8B8665223316}.Release|ARM.Deploy.0 = Release|ARM
		{0F617ABA-7CBE-4D7F-9EBB-8B8665223316}.Release|ARM64.ActiveCfg = Release|ARM64
		{0F617ABA-7CBE-4D7F-9EBB-8B8665223316}.Release|ARM64.Build.0 = Release|ARM64
		{0F617ABA-7CBE-4D7F-9EBB-8B8665223316}.Release|ARM64.Deploy.0 = Release|ARM64
		{0F617ABA-7CBE-4D7F-9EBB-8B8665223316}.Release|x64.ActiveCfg = Release|x64
		{0F617ABA-7CBE-4D7F-9EBB-8B8665223316}.Release|x64.Build.0 = Release|x64
		{0F617ABA-7CBE-4D7F-9EBB-8B8665223316}.Release|x64.Deploy.0 = Release|x64
		{0F617ABA-7CBE-4D7F-9EBB-8B8665223316}.Release|x86.ActiveCfg = Release|x86
		{0F617ABA-7CBE-4D7F-9EBB-8B8665223316}.Release|x86.Build.0 = Release|x86
		{0F617ABA-7CBE-4D7F-9EBB-8B8665223316}.Release|x86.Deploy.0 = Release|x86
		{12B0E829-A82D-4C89-AC45-18891CE48D5B}.Debug|Any CPU.ActiveCfg = Debug|x86
		{12B0E829-A82D-4C89-AC45-18891CE48D5B}.Debug|ARM.ActiveCfg = Debug|ARM
		{12B0E829-A82D-4C89-AC45-18891CE48D5B}.Debug|ARM.Build.0 = Debug|ARM
		{12B0E829-A82D-4C89-AC45-18891CE48D5B}.Debug|ARM.Deploy.0 = Debug|ARM
		{12B0E829-A82D-4C89-AC45-18891CE48D5B}.Debug|ARM64.ActiveCfg = Debug|ARM64
		{12B0E829-A82D-4C89-AC45-18891CE48D5B}.Debug|ARM64.Build.0 = Debug|ARM64
		{12B0E829-A82D-4C89-AC45-18891CE48D5B}.Debug|ARM64.Deploy.0 = Debug|ARM64
		{12B0E829-A82D-4C89-AC45-18891CE48D5B}.Debug|x64.ActiveCfg = Debug|x64
		{12B0E829-A82D-4C89-AC45-18891CE48D5B}.Debug|x64.Build.0 = Debug|x64
		{12B0E829-A82D-4C89-AC45-18891CE48D5B}.Debug|x64.Deploy.0 = Debug|x64
		{12B0E829-A82D-4C89-AC45-18891CE48D5B}.Debug|x86.ActiveCfg = Debug|x86
		{12B0E829-A82D-4C89-AC45-18891CE48D5B}.Debug|x86.Build.0 = Debug|x86
		{12B0E829-A82D-4C89-AC45-18891CE48D5B}.Debug|x86.Deploy.0 = Debug|x86
		{12B0E829-A82D-4C89-AC45-18891CE48D5B}.Release|Any CPU.ActiveCfg = Release|x86
		{12B0E829-A82D-4C89-AC45-18891CE48D5B}.Release|ARM.ActiveCfg = Release|ARM
		{12B0E829-A82D-4C89-AC45-18891CE48D5B}.Release|ARM.Build.0 = Release|ARM
		{12B0E829-A82D-4C89-AC45-18891CE48D5B}.Release|ARM.Deploy.0 = Release|ARM
		{12B0E829-A82D-4C89-AC45-18891CE48D5B}.Release|ARM64.ActiveCfg = Release|ARM64
		{12B0E829-A82D-4C89-AC45-18891CE48D5B}.Release|ARM64.Build.0 = Release|ARM64
		{12B0E829-A82D-4C89-AC45-18891CE48D5B}.Release|ARM64.Deploy.0 = Release|ARM64
		{12B0E829-A82D-4C89-AC45-18891CE48D5B}.Release|x64.ActiveCfg = Release|x64
		{12B0E829-A82D-4C89-AC45-18891CE48D5B}.Release|x64.Build.0 = Release|x64
		{12B0E829-A82D-4C89-AC45-18891CE48D5B}.Release|x64.Deploy.0 = Release|x64
		{12B0E829-A82D-4C89-AC45-18891CE48D5B}.Release|x86.ActiveCfg = Release|x86
		{12B0E829-A82D-4C89-AC45-18891CE48D5B}.Release|x86.Build.0 = Release|x86
		{12B0E829-A82D-4C89-AC45-18891CE48D5B}.Release|x86.Deploy.0 = Release|x86
	EndGlobalSection
	GlobalSection(SolutionProperties) = preSolution
		HideSolutionNode = FALSE
	EndGlobalSection
	GlobalSection(ExtensibilityGlobals) = postSolution
		SolutionGuid = {489C8ED4-4516-4EE6-BBC4-9B139B8C9EC5}
	EndGlobalSection
EndGlobal
